
Microsoft Visual Studio Solution File, Format Version 12.00
# Visual Studio Version 16
VisualStudioVersion = 16.0.31112.23
MinimumVisualStudioVersion = 10.0.40219.1
Project("{FAE04EC0-301F-11D3-BF4B-00C04F79EFBC}") = "Discover.GraphQL", "Discover.GraphQL.csproj", "{DBD632DB-2FED-41A6-AE78-2D2B7686361A}"
EndProject
Global
	GlobalSection(SolutionConfigurationPlatforms) = preSolution
		Debug|Any CPU = Debug|Any CPU
		Release|Any CPU = Release|Any CPU
	EndGlobalSection
	GlobalSection(ProjectConfigurationPlatforms) = postSolution
		{DBD632DB-2FED-41A6-AE78-2D2B7686361A}.Debug|Any CPU.ActiveCfg = Debug|Any CPU
		{DBD632DB-2FED-41A6-AE78-2D2B7686361A}.Debug|Any CPU.Build.0 = Debug|Any CPU
		{DBD632DB-2FED-41A6-AE78-2D2B7686361A}.Release|Any CPU.ActiveCfg = Release|Any CPU
		{DBD632DB-2FED-41A6-AE78-2D2B7686361A}.Release|Any CPU.Build.0 = Release|Any CPU
	EndGlobalSection
	GlobalSection(SolutionProperties) = preSolution
		HideSolutionNode = FALSE
	EndGlobalSection
	GlobalSection(ExtensibilityGlobals) = postSolution
		SolutionGuid = {7D622235-D67A-4B75-A15A-C7E4838D6AE2}
	EndGlobalSection
EndGlobal
